{
    "_meta": {
        "hash": {
            "sha256": "fa8223f72e6838d6588a11467c862b9d1c8d3a6f97dc9872d68fbd8d4435221b"
        },
        "pipfile-spec": 6,
        "requires": {
            "python_version": "3.8"
        },
        "sources": [
            {
                "name": "pypi",
                "url": "https://pypi.org/simple",
                "verify_ssl": true
            }
        ]
    },
    "default": {
        "certifi": {
            "hashes": [
                "sha256:2bbf76fd432960138b3ef6dda3dde0544f27cbf8546c458e60baf371917ba9ee",
                "sha256:50b1e4f8446b06f41be7dd6338db18e0990601dce795c2b1686458aa7e8fa7d8"
            ],
            "version": "==2021.5.30"
        },
        "charset-normalizer": {
            "hashes": [
                "sha256:0c8911edd15d19223366a194a513099a302055a962bca2cec0f54b8b63175d8b",
                "sha256:f23667ebe1084be45f6ae0538e4a5a865206544097e4e8bbcacf42cd02a348f3"
            ],
            "markers": "python_version >= '3'",
            "version": "==2.0.4"
        },
        "colorama": {
            "hashes": [
                "sha256:5941b2b48a20143d2267e95b1c2a7603ce057ee39fd88e7329b0c292aa16869b",
                "sha256:9f47eda37229f68eee03b24b9748937c7dc3868f906e8ba69fbcbdd3bc5dc3e2"
            ],
            "markers": "platform_system == 'Windows'",
            "version": "==0.4.4"
        },
        "cycler": {
            "hashes": [
                "sha256:1d8a5ae1ff6c5cf9b93e8811e581232ad8920aeec647c37316ceac982b08cb2d",
                "sha256:cd7b2d1018258d7247a71425e9f26463dfb444d411c39569972f4ce586b0c9d8"
            ],
            "version": "==0.10.0"
        },
        "idna": {
            "hashes": [
                "sha256:14475042e284991034cb48e06f6851428fb14c4dc953acd9be9a5e95c7b6dd7a",
                "sha256:467fbad99067910785144ce333826c71fb0e63a425657295239737f7ecd125f3"
            ],
            "markers": "python_version >= '3'",
            "version": "==3.2"
        },
        "kaggle": {
            "hashes": [
                "sha256:b4d87d107bff743aaa805c2b382c3661c4c175cdb159656d4972be2a9cef42cb"
            ],
            "index": "pypi",
            "version": "==1.5.12"
        },
        "kiwisolver": {
            "hashes": [
                "sha256:0cd53f403202159b44528498de18f9285b04482bab2a6fc3f5dd8dbb9352e30d",
                "sha256:1e1bc12fb773a7b2ffdeb8380609f4f8064777877b2225dec3da711b421fda31",
                "sha256:225e2e18f271e0ed8157d7f4518ffbf99b9450fca398d561eb5c4a87d0986dd9",
                "sha256:232c9e11fd7ac3a470d65cd67e4359eee155ec57e822e5220322d7b2ac84fbf0",
                "sha256:31dfd2ac56edc0ff9ac295193eeaea1c0c923c0355bf948fbd99ed6018010b72",
                "sha256:33449715e0101e4d34f64990352bce4095c8bf13bed1b390773fc0a7295967b3",
                "sha256:401a2e9afa8588589775fe34fc22d918ae839aaaf0c0e96441c0fdbce6d8ebe6",
                "sha256:44a62e24d9b01ba94ae7a4a6c3fb215dc4af1dde817e7498d901e229aaf50e4e",
                "sha256:50af681a36b2a1dee1d3c169ade9fdc59207d3c31e522519181e12f1b3ba7000",
                "sha256:563c649cfdef27d081c84e72a03b48ea9408c16657500c312575ae9d9f7bc1c3",
                "sha256:5989db3b3b34b76c09253deeaf7fbc2707616f130e166996606c284395da3f18",
                "sha256:5a7a7dbff17e66fac9142ae2ecafb719393aaee6a3768c9de2fd425c63b53e21",
                "sha256:5c3e6455341008a054cccee8c5d24481bcfe1acdbc9add30aa95798e95c65621",
                "sha256:5f6ccd3dd0b9739edcf407514016108e2280769c73a85b9e59aa390046dbf08b",
                "sha256:72c99e39d005b793fb7d3d4e660aed6b6281b502e8c1eaf8ee8346023c8e03bc",
                "sha256:78751b33595f7f9511952e7e60ce858c6d64db2e062afb325985ddbd34b5c131",
                "sha256:834ee27348c4aefc20b479335fd422a2c69db55f7d9ab61721ac8cd83eb78882",
                "sha256:8be8d84b7d4f2ba4ffff3665bcd0211318aa632395a1a41553250484a871d454",
                "sha256:950a199911a8d94683a6b10321f9345d5a3a8433ec58b217ace979e18f16e248",
                "sha256:a357fd4f15ee49b4a98b44ec23a34a95f1e00292a139d6015c11f55774ef10de",
                "sha256:a53d27d0c2a0ebd07e395e56a1fbdf75ffedc4a05943daf472af163413ce9598",
                "sha256:acef3d59d47dd85ecf909c359d0fd2c81ed33bdff70216d3956b463e12c38a54",
                "sha256:b38694dcdac990a743aa654037ff1188c7a9801ac3ccc548d3341014bc5ca278",
                "sha256:b9edd0110a77fc321ab090aaa1cfcaba1d8499850a12848b81be2222eab648f6",
                "sha256:c08e95114951dc2090c4a630c2385bef681cacf12636fb0241accdc6b303fd81",
                "sha256:c5518d51a0735b1e6cee1fdce66359f8d2b59c3ca85dc2b0813a8aa86818a030",
                "sha256:c8fd0f1ae9d92b42854b2979024d7597685ce4ada367172ed7c09edf2cef9cb8",
                "sha256:ca3820eb7f7faf7f0aa88de0e54681bddcb46e485beb844fcecbcd1c8bd01689",
                "sha256:cf8b574c7b9aa060c62116d4181f3a1a4e821b2ec5cbfe3775809474113748d4",
                "sha256:d3155d828dec1d43283bd24d3d3e0d9c7c350cdfcc0bd06c0ad1209c1bbc36d0",
                "sha256:f8d6f8db88049a699817fd9178782867bf22283e3813064302ac59f61d95be05",
                "sha256:fd34fbbfbc40628200730bc1febe30631347103fc8d3d4fa012c21ab9c11eca9"
            ],
            "markers": "python_version >= '3.6'",
            "version": "==1.3.1"
        },
        "matplotlib": {
            "hashes": [
                "sha256:0bea5ec5c28d49020e5d7923c2725b837e60bc8be99d3164af410eb4b4c827da",
                "sha256:1c1779f7ab7d8bdb7d4c605e6ffaa0614b3e80f1e3c8ccf7b9269a22dbc5986b",
                "sha256:21b31057bbc5e75b08e70a43cefc4c0b2c2f1b1a850f4a0f7af044eb4163086c",
                "sha256:32fa638cc10886885d1ca3d409d4473d6a22f7ceecd11322150961a70fab66dd",
                "sha256:3a5c18dbd2c7c366da26a4ad1462fe3e03a577b39e3b503bbcf482b9cdac093c",
                "sha256:5826f56055b9b1c80fef82e326097e34dc4af8c7249226b7dd63095a686177d1",
                "sha256:6382bc6e2d7e481bcd977eb131c31dee96e0fb4f9177d15ec6fb976d3b9ace1a",
                "sha256:6475d0209024a77f869163ec3657c47fed35d9b6ed8bccba8aa0f0099fbbdaa8",
                "sha256:6a6a44f27aabe720ec4fd485061e8a35784c2b9ffa6363ad546316dfc9cea04e",
                "sha256:7a58f3d8fe8fac3be522c79d921c9b86e090a59637cb88e3bc51298d7a2c862a",
                "sha256:7ad19f3fb6145b9eb41c08e7cbb9f8e10b91291396bee21e9ce761bb78df63ec",
                "sha256:85f191bb03cb1a7b04b5c2cca4792bef94df06ef473bc49e2818105671766fee",
                "sha256:956c8849b134b4a343598305a3ca1bdd3094f01f5efc8afccdebeffe6b315247",
                "sha256:a9d8cb5329df13e0cdaa14b3b43f47b5e593ec637f13f14db75bb16e46178b05",
                "sha256:b1d5a2cedf5de05567c441b3a8c2651fbde56df08b82640e7f06c8cd91e201f6",
                "sha256:b26535b9de85326e6958cdef720ecd10bcf74a3f4371bf9a7e5b2e659c17e153",
                "sha256:c541ee5a3287efe066bbe358320853cf4916bc14c00c38f8f3d8d75275a405a9",
                "sha256:d8d994cefdff9aaba45166eb3de4f5211adb4accac85cbf97137e98f26ea0219",
                "sha256:df815378a754a7edd4559f8c51fc7064f779a74013644a7f5ac7a0c31f875866"
            ],
            "index": "pypi",
            "version": "==3.4.2"
        },
        "numpy": {
            "hashes": [
                "sha256:01721eefe70544d548425a07c80be8377096a54118070b8a62476866d5208e33",
                "sha256:0318c465786c1f63ac05d7c4dbcecd4d2d7e13f0959b01b534ea1e92202235c5",
                "sha256:05a0f648eb28bae4bcb204e6fd14603de2908de982e761a2fc78efe0f19e96e1",
                "sha256:1412aa0aec3e00bc23fbb8664d76552b4efde98fb71f60737c83efbac24112f1",
                "sha256:25b40b98ebdd272bc3020935427a4530b7d60dfbe1ab9381a39147834e985eac",
                "sha256:2d4d1de6e6fb3d28781c73fbde702ac97f03d79e4ffd6598b880b2d95d62ead4",
                "sha256:38e8648f9449a549a7dfe8d8755a5979b45b3538520d1e735637ef28e8c2dc50",
                "sha256:4a3d5fb89bfe21be2ef47c0614b9c9c707b7362386c9a3ff1feae63e0267ccb6",
                "sha256:635e6bd31c9fb3d475c8f44a089569070d10a9ef18ed13738b03049280281267",
                "sha256:73101b2a1fef16602696d133db402a7e7586654682244344b8329cdcbbb82172",
                "sha256:791492091744b0fe390a6ce85cc1bf5149968ac7d5f0477288f78c89b385d9af",
                "sha256:7a708a79c9a9d26904d1cca8d383bf869edf6f8e7650d85dbc77b041e8c5a0f8",
                "sha256:88c0b89ad1cc24a5efbb99ff9ab5db0f9a86e9cc50240177a571fbe9c2860ac2",
                "sha256:8a326af80e86d0e9ce92bcc1e65c8ff88297de4fa14ee936cb2293d414c9ec63",
                "sha256:8a92c5aea763d14ba9d6475803fc7904bda7decc2a0a68153f587ad82941fec1",
                "sha256:91c6f5fc58df1e0a3cc0c3a717bb3308ff850abdaa6d2d802573ee2b11f674a8",
                "sha256:95b995d0c413f5d0428b3f880e8fe1660ff9396dcd1f9eedbc311f37b5652e16",
                "sha256:9749a40a5b22333467f02fe11edc98f022133ee1bfa8ab99bda5e5437b831214",
                "sha256:978010b68e17150db8765355d1ccdd450f9fc916824e8c4e35ee620590e234cd",
                "sha256:9a513bd9c1551894ee3d31369f9b07460ef223694098cf27d399513415855b68",
                "sha256:a75b4498b1e93d8b700282dc8e655b8bd559c0904b3910b144646dbbbc03e062",
                "sha256:c6a2324085dd52f96498419ba95b5777e40b6bcbc20088fddb9e8cbb58885e8e",
                "sha256:d7a4aeac3b94af92a9373d6e77b37691b86411f9745190d2c351f410ab3a791f",
                "sha256:d9e7912a56108aba9b31df688a4c4f5cb0d9d3787386b87d504762b6754fbb1b",
                "sha256:dff4af63638afcc57a3dfb9e4b26d434a7a602d225b42d746ea7fe2edf1342fd",
                "sha256:e46ceaff65609b5399163de5893d8f2a82d3c77d5e56d976c8b5fb01faa6b671",
                "sha256:f01f28075a92eede918b965e86e8f0ba7b7797a95aa8d35e1cc8821f5fc3ad6a",
                "sha256:fd7d7409fa643a91d0a05c7554dd68aa9c9bb16e186f6ccfe40d6e003156e33a"
            ],
            "index": "pypi",
            "version": "==1.21.1"
        },
        "pillow": {
            "hashes": [
                "sha256:165c88bc9d8dba670110c689e3cc5c71dbe4bfb984ffa7cbebf1fac9554071d6",
                "sha256:1d208e670abfeb41b6143537a681299ef86e92d2a3dac299d3cd6830d5c7bded",
                "sha256:22d070ca2e60c99929ef274cfced04294d2368193e935c5d6febfd8b601bf865",
                "sha256:2353834b2c49b95e1313fb34edf18fca4d57446675d05298bb694bca4b194174",
                "sha256:39725acf2d2e9c17356e6835dccebe7a697db55f25a09207e38b835d5e1bc032",
                "sha256:3de6b2ee4f78c6b3d89d184ade5d8fa68af0848f9b6b6da2b9ab7943ec46971a",
                "sha256:47c0d93ee9c8b181f353dbead6530b26980fe4f5485aa18be8f1fd3c3cbc685e",
                "sha256:5e2fe3bb2363b862671eba632537cd3a823847db4d98be95690b7e382f3d6378",
                "sha256:604815c55fd92e735f9738f65dabf4edc3e79f88541c221d292faec1904a4b17",
                "sha256:6c5275bd82711cd3dcd0af8ce0bb99113ae8911fc2952805f1d012de7d600a4c",
                "sha256:731ca5aabe9085160cf68b2dbef95fc1991015bc0a3a6ea46a371ab88f3d0913",
                "sha256:7612520e5e1a371d77e1d1ca3a3ee6227eef00d0a9cddb4ef7ecb0b7396eddf7",
                "sha256:7916cbc94f1c6b1301ac04510d0881b9e9feb20ae34094d3615a8a7c3db0dcc0",
                "sha256:81c3fa9a75d9f1afafdb916d5995633f319db09bd773cb56b8e39f1e98d90820",
                "sha256:887668e792b7edbfb1d3c9d8b5d8c859269a0f0eba4dda562adb95500f60dbba",
                "sha256:93a473b53cc6e0b3ce6bf51b1b95b7b1e7e6084be3a07e40f79b42e83503fbf2",
                "sha256:96d4dc103d1a0fa6d47c6c55a47de5f5dafd5ef0114fa10c85a1fd8e0216284b",
                "sha256:a3d3e086474ef12ef13d42e5f9b7bbf09d39cf6bd4940f982263d6954b13f6a9",
                "sha256:b02a0b9f332086657852b1f7cb380f6a42403a6d9c42a4c34a561aa4530d5234",
                "sha256:b09e10ec453de97f9a23a5aa5e30b334195e8d2ddd1ce76cc32e52ba63c8b31d",
                "sha256:b6f00ad5ebe846cc91763b1d0c6d30a8042e02b2316e27b05de04fa6ec831ec5",
                "sha256:bba80df38cfc17f490ec651c73bb37cd896bc2400cfba27d078c2135223c1206",
                "sha256:c3d911614b008e8a576b8e5303e3db29224b455d3d66d1b2848ba6ca83f9ece9",
                "sha256:ca20739e303254287138234485579b28cb0d524401f83d5129b5ff9d606cb0a8",
                "sha256:cb192176b477d49b0a327b2a5a4979552b7a58cd42037034316b8018ac3ebb59",
                "sha256:cdbbe7dff4a677fb555a54f9bc0450f2a21a93c5ba2b44e09e54fcb72d2bd13d",
                "sha256:cf6e33d92b1526190a1de904df21663c46a456758c0424e4f947ae9aa6088bf7",
                "sha256:d355502dce85ade85a2511b40b4c61a128902f246504f7de29bbeec1ae27933a",
                "sha256:d673c4990acd016229a5c1c4ee8a9e6d8f481b27ade5fc3d95938697fa443ce0",
                "sha256:dc577f4cfdda354db3ae37a572428a90ffdbe4e51eda7849bf442fb803f09c9b",
                "sha256:dd9eef866c70d2cbbea1ae58134eaffda0d4bfea403025f4db6859724b18ab3d",
                "sha256:f50e7a98b0453f39000619d845be8b06e611e56ee6e8186f7f60c3b1e2f0feae"
            ],
            "index": "pypi",
            "version": "==8.1.0"
        },
        "pyparsing": {
            "hashes": [
                "sha256:c203ec8783bf771a155b207279b9bccb8dea02d8f0c9e5f8ead507bc3246ecc1",
                "sha256:ef9d7589ef3c200abe66653d3f1ab1033c3c419ae9b9bdb1240a85b024efc88b"
            ],
            "markers": "python_version >= '2.6' and python_version not in '3.0, 3.1, 3.2, 3.3'",
            "version": "==2.4.7"
        },
        "python-dateutil": {
            "hashes": [
                "sha256:0123cacc1627ae19ddf3c27a5de5bd67ee4586fbdd6440d9748f8abb483d3e86",
                "sha256:961d03dc3453ebbc59dbdea9e4e11c5651520a876d0f4db161e8674aae935da9"
            ],
            "markers": "python_version >= '2.7' and python_version not in '3.0, 3.1, 3.2, 3.3'",
            "version": "==2.8.2"
        },
        "python-slugify": {
            "hashes": [
                "sha256:6d8c5df75cd4a7c3a2d21e257633de53f52ab0265cd2d1dc62a730e8194a7380",
                "sha256:f13383a0b9fcbe649a1892b9c8eb4f8eab1d6d84b84bb7a624317afa98159cab"
            ],
            "markers": "python_version >= '3.6'",
            "version": "==5.0.2"
        },
        "requests": {
            "hashes": [
                "sha256:6c1246513ecd5ecd4528a0906f910e8f0f9c6b8ec72030dc9fd154dc1a6efd24",
                "sha256:b8aa58f8cf793ffd8782d3d8cb19e66ef36f7aba4353eec859e74678b01b07a7"
            ],
            "markers": "python_version >= '2.7' and python_version not in '3.0, 3.1, 3.2, 3.3, 3.4, 3.5'",
            "version": "==2.26.0"
        },
        "six": {
            "hashes": [
                "sha256:1e61c37477a1626458e36f7b1d82aa5c9b094fa4802892072e49de9c60c4c926",
                "sha256:8abb2f1d86890a2dfb989f9a77cfcfd3e47c2a354b01111771326f8aa26e0254"
            ],
            "markers": "python_version >= '2.7' and python_version not in '3.0, 3.1, 3.2, 3.3'",
            "version": "==1.16.0"
        },
        "text-unidecode": {
            "hashes": [
                "sha256:1311f10e8b895935241623731c2ba64f4c455287888b18189350b67134a822e8",
                "sha256:bad6603bb14d279193107714b288be206cac565dfa49aa5b105294dd5c4aab93"
            ],
            "version": "==1.3"
        },
        "torch": {
            "hashes": [
                "sha256:0164673908e6b291ace592d382eba3e258b3bad009b8078cad8f3b9e00d8f23e",
                "sha256:0a9e74b5057463ce4e55d9332a5670993fc9e1299c52e1740e505eda106fb355",
                "sha256:0aa4cca3f16fab40cb8dae6a49d0eccdc8f4ead9d1a6428cd9ba12befe082b2a",
                "sha256:117098d4924b260a24a47c6b3fe37f2ae41f04a2ea2eff9f553ae9210b12fa54",
                "sha256:1d8139dcc864f48dc316376384f50e47a459284ad1cb84449242f4964e25aaec",
                "sha256:3a2d070cf28860d285d4ab156f3954c0c1d12f4c037aa312a7c029227c0d106b",
                "sha256:52548b45efff772fe3810fe91daf34f981ac0ca1a7227f6226fd5693f53b5b88",
                "sha256:569ead6ae6bb0e636df0fc8af660ef03260e630dc5f2f4cf3198027e7b6bb481",
                "sha256:62c0a7e433681d0861494d1ede96d2485e4dbb3ea8fd867e8419addebf5de1af",
                "sha256:646de1bef85d6c7590e98f8ea52e47acdcf58330982e4f5d73f5ca28dea2d552",
                "sha256:7e2b14fe5b3a8266cbe2f6740c0195497507974ced7bc21e99971561913a0c28",
                "sha256:8a2b2012b3c7d6019e189496688fa77de7029a220840b406d8302d1c8021a11c",
                "sha256:95eeec3a6c42fd35aca552777b7d9979ed489760423de97c0118a45e849a61f4",
                "sha256:b296e65e25081af147af936f1e3a1f17f583a9afacfa5309742678ffef728ace",
                "sha256:d6103b9a634993bd967337a1149f9d8b23922f42a3660676239399e15c1b4515",
                "sha256:d88333091fd1627894bbf0d6dcef58a90e36bdf0d90a5d4675b5e07e72075511",
                "sha256:e596f0105f748cf09d4763152d8157aaf58d5231232eaf2c5673d4562ba86ad3",
                "sha256:ecc7193fff7741ced3db1f760666c8454d6664956288c54d1b49613b987a42f4"
            ],
            "index": "pypi",
            "version": "==1.9.0"
        },
        "tqdm": {
            "hashes": [
                "sha256:3642d483b558eec80d3c831e23953582c34d7e4540db86d9e5ed9dad238dabc6",
                "sha256:706dea48ee05ba16e936ee91cb3791cd2ea6da348a0e50b46863ff4363ff4340"
            ],
            "markers": "python_version >= '2.7' and python_version not in '3.0, 3.1, 3.2, 3.3'",
            "version": "==4.62.0"
        },
        "typing-extensions": {
            "hashes": [
                "sha256:0ac0f89795dd19de6b97debb0c6af1c70987fd80a2d62d1958f7e56fcc31b497",
                "sha256:50b6f157849174217d0656f99dc82fe932884fb250826c18350e159ec6cdf342",
                "sha256:779383f6086d90c99ae41cf0ff39aac8a7937a9283ce0a414e5dd782f4c94a84"
            ],
            "version": "==3.10.0.0"
        },
        "urllib3": {
            "hashes": [
                "sha256:39fb8672126159acb139a7718dd10806104dec1e2f0f6c88aab05d17df10c8d4",
                "sha256:f57b4c16c62fa2760b7e3d97c35b255512fb6b59a259730f36ba32ce9f8e342f"
            ],
            "index": "pypi",
            "version": "==1.26.6"
        }
    },
    "develop": {
        "backcall": {
            "hashes": [
                "sha256:5cbdbf27be5e7cfadb448baf0aa95508f91f2bbc6c6437cd9cd06e2a4c215e1e",
                "sha256:fbbce6a29f263178a1f7915c1940bde0ec2b2a967566fe1c65c1dfb7422bd255"
            ],
            "version": "==0.2.0"
        },
        "colorama": {
            "hashes": [
                "sha256:5941b2b48a20143d2267e95b1c2a7603ce057ee39fd88e7329b0c292aa16869b",
                "sha256:9f47eda37229f68eee03b24b9748937c7dc3868f906e8ba69fbcbdd3bc5dc3e2"
            ],
            "markers": "platform_system == 'Windows'",
            "version": "==0.4.4"
        },
        "debugpy": {
            "hashes": [
                "sha256:00f9d14da52b87e98e26f5c3c8f1937cc496915b38f8ccb7b329336b21898678",
                "sha256:129312b01ec46ab303a8c0667d559a0de0bed1a394cc128039b6f008f1c376b7",
                "sha256:12cb415e7394c6738527cbc482935aa9414e9b4cc87dd040015d0e5cb8b4471a",
                "sha256:1762908202b0b0b481ec44125edb625d136d16c4991d3a7c1310c85672ffe5ba",
                "sha256:1bc8e835a48ef23280cbaf2b70a5a2b629b9ee79685b64d974bfb8d467f4aa67",
                "sha256:2bfda2721046fb43a7074d475a12adcd55a65bfd23a1ff675427b09a01ba40cc",
                "sha256:2d4c4ab934fbe1c7095d19b3d4246afe119396b49540ca5d5ad34ef01b27bd2a",
                "sha256:309909b6c85f89aea3fa10fc256b52fef3c25fee4d00e1b5f5db1ace57203a2c",
                "sha256:3756cd421be701d06490635372327ebd1ccb44b37d59682c994f6bd59e040a91",
                "sha256:399b2c60c8e67a5d30c6e4522129e8be8d484e6064286f8ba3ce857a3927312a",
                "sha256:3a6dee475102d0169732162b735878e8787500719ccb4d54b1458afe992a4c4d",
                "sha256:3d92cb2e8b4f9591f6d6e17ccf8c1a55a58857949d9a5aae0ff37b64faaa3b80",
                "sha256:4655824321b36b353b12d1617a29c79320412f085ecabf54524603b4c0c791e8",
                "sha256:4e0d57a8c35b20b4e363db943b909aa83f12594e2f34070a1db5fa9b7213336b",
                "sha256:52920ccb4acdbb2a9a42e0a4d60a7bbc4a34bf16fd23c674b280f8e9a8cacbd6",
                "sha256:595170ac17567773b546d40a0ff002dc350cfcd95c9233f65e79370954fb9a01",
                "sha256:67d496890d1cada5ce924cb30178684e7b82a36b80b8868beb148db54fd9e44c",
                "sha256:6bb62615b3ad3d7202b7b7eb85f3d000aa17a61303af5f11eab048c91a1f30a6",
                "sha256:71e67d352cabdc6a3f4dc3e39a1d2d1e76763a2102a276904e3495ede48a9832",
                "sha256:732ac8bb79694cb4127c08bfc6128274f3dee9e6fd2ddde7bf026a40efeb202d",
                "sha256:7376bd8f4272ab01342940bd020955f021e26954e1f0df91cfa8bf1fa4451b56",
                "sha256:768f393ffaa66a3b3ed92b06e21912a5df3e01f18fb531bcbba2f94cad1725a7",
                "sha256:7b332ce0d1a46f0f4200d59ee78428f18301d1fb85d07402723b94e1de96951c",
                "sha256:7b4e399790a301c83ad6b153452233695b2f15450d78956a6d297859eb44d185",
                "sha256:7e12e94aa2c9a0017c0a84cd475063108d06e305360b69c933bde17a6a527f80",
                "sha256:84ff51b8b5c847d5421324ca419db1eec813a4dd2bbf19dbbbe132e2ab2b2fc6",
                "sha256:86cd13162b752664e8ef048287a6973c8fba0a71f396b31cf36394880ec2a6bf",
                "sha256:889316de0b8ff3732927cb058cfbd3371e4cd0002ecc170d34c755ad289c867c",
                "sha256:89d53d57001e54a3854489e898c697aafb2d6bb81fca596da2400f3fd7fd397c",
                "sha256:8a2be4e5d696ad39be6c6c37dc580993d04aad7d893fd6e449e1a055d7b5dddb",
                "sha256:8e63585c372873cd88c2380c0b3c4815c724a9713f5b86d1b3a1f1ac30df079e",
                "sha256:939c94d516e6ed5433cc3ba12d9d0d8108499587158ae5f76f6db18d49e21b5b",
                "sha256:959d39f3d724d25b7ab79278f032e33df03c6376d51b3517abaf2f8e83594ee0",
                "sha256:9a0cd73d7a76222fbc9f9180612ccb4ad7d7f7e4f26e55ef1fbd459c0f2f5322",
                "sha256:9d559bd0e4c288487349e0723bc70ff06390638446ee8087d4d5711486119643",
                "sha256:a19def91a0a166877c2a26b611c1ad0473ce85b1df61ae5276197375d574228b",
                "sha256:a2c5a1c49239707ed5bc8e97d8f9252fb392d9e13c79c7b477593d7dde4ae24a",
                "sha256:a4368c79a2c4458d5a0540381a32f8fdc02b3c9ba9dd413a49b42929297b29b3",
                "sha256:a9f582203af34c6978bffaba77425662e949251998276e9dece113862e753459",
                "sha256:ab37f189b1dd0d8420545c9f3d066bd1601a1ae85b26de38f5c1ccb96cf0b042",
                "sha256:ac2d1cdd3279806dab2119937c0769f11dee13166650aaa84b6700b30a845d10",
                "sha256:bad668e9edb21199017ab31f52a05e14506ad6566110560796d2a8f258e0b819",
                "sha256:c5e771fcd12727f734caf2a10ff92966ae9857db0ccb6bebd1a4f776c54186a8",
                "sha256:c96e82d863db97d3eb498cc8e55773004724bdeaa58fb0eb7ee7d5a21d240d6a",
                "sha256:cd36e75c0f71a924f4b4cdb5f74b3321952cf636aadf70e0f85fd9cd2edfc1d0",
                "sha256:cf6b26f26f97ef3033008db7b3df7233363407d7b6cacd4bc4f8e02ce8e11df4",
                "sha256:d89ab3bd51d6a3f13b093bc3881a827d8f6c9588d9a493bddb3b47f9d078fd1d",
                "sha256:dea62527a4a2770a0d12ce46564636d892bba29baaf5dba5bfe98bb55bf17a11",
                "sha256:e47c42bc1a68ead3c39d9a658d3ccf311bc45dc84f3c90fa5cb7de1796243f47",
                "sha256:e6711106aafc26ecb78e43c4be0a49bd0ae4a1f3e1aa502de151e38f4717b2a2",
                "sha256:e7e049a4e8e362183a5a5b4ad058a1543211970819d0c11011c87c3a9dec2eaf",
                "sha256:ebc241351791595796864a960892e1cd58627064feda939d0377edd0730bbff2",
                "sha256:eee2224ce547d2958ffc0d63cd280a9cc6377043f32ce370cfe4ca6be4e05476",
                "sha256:f20a07ac5fb0deee9be1ad1a9a124d858a8b79c66c7ec5e1767d78aa964f86c4",
                "sha256:f77406f33760e6f13a7ff0ac375d9c8856844b61cd95f7502b57116858f0cfe1",
                "sha256:fece69933d17e0918b73ddeb5e23bcf789edd2a6eb0d438b09c40d51e76b9c74"
            ],
            "markers": "python_version >= '2.7' and python_version not in '3.0, 3.1, 3.2, 3.3, 3.4'",
            "version": "==1.4.1"
        },
        "decorator": {
            "hashes": [
                "sha256:6e5c199c16f7a9f0e3a61a4a54b3d27e7dad0dbdde92b944426cb20914376323",
                "sha256:72ecfba4320a893c53f9706bebb2d55c270c1e51a28789361aa93e4a21319ed5"
            ],
            "markers": "python_version >= '3.5'",
            "version": "==5.0.9"
        },
        "ipykernel": {
            "hashes": [
                "sha256:0df34a78c7e1422800d6078cde65ccdcdb859597046c338c759db4dbc535c58f",
                "sha256:9f9f41a14caf2fde2b7802446adf83885afcbf50585a46d6c687292599a3c3af"
            ],
            "index": "pypi",
            "version": "==6.0.3"
        },
        "ipython": {
            "hashes": [
                "sha256:0cff04bb042800129348701f7bd68a430a844e8fb193979c08f6c99f28bb735e",
                "sha256:892743b65c21ed72b806a3a602cca408520b3200b89d1924f4b3d2cdb3692362"
            ],
            "markers": "python_version >= '3.7'",
            "version": "==7.26.0"
        },
        "ipython-genutils": {
            "hashes": [
                "sha256:72dd37233799e619666c9f639a9da83c34013a73e8bbc79a7a6348d93c61fab8",
                "sha256:eb2e116e75ecef9d4d228fdc66af54269afa26ab4463042e33785b887c628ba8"
            ],
            "version": "==0.2.0"
        },
        "jedi": {
            "hashes": [
                "sha256:18456d83f65f400ab0c2d3319e48520420ef43b23a086fdc05dff34132f0fb93",
                "sha256:92550a404bad8afed881a137ec9a461fed49eca661414be45059329614ed0707"
            ],
            "markers": "python_version >= '3.6'",
            "version": "==0.18.0"
        },
        "jupyter-client": {
            "hashes": [
                "sha256:c4bca1d0846186ca8be97f4d2fa6d2bae889cce4892a167ffa1ba6bd1f73e782",
                "sha256:e053a2c44b6fa597feebe2b3ecb5eea3e03d1d91cc94351a52931ee1426aecfc"
            ],
            "markers": "python_version >= '3.5'",
            "version": "==6.1.12"
        },
        "jupyter-core": {
            "hashes": [
                "sha256:79025cb3225efcd36847d0840f3fc672c0abd7afd0de83ba8a1d3837619122b4",
                "sha256:8c6c0cac5c1b563622ad49321d5ec47017bd18b94facb381c6973a0486395f8e"
            ],
            "markers": "python_version >= '3.6'",
            "version": "==4.7.1"
        },
        "matplotlib-inline": {
            "hashes": [
                "sha256:5cf1176f554abb4fa98cb362aa2b55c500147e4bdbb07e3fda359143e1da0811",
                "sha256:f41d5ff73c9f5385775d5c0bc13b424535c8402fe70ea8210f93e11f3683993e"
            ],
            "markers": "python_version >= '3.5'",
            "version": "==0.1.2"
        },
        "parso": {
            "hashes": [
                "sha256:12b83492c6239ce32ff5eed6d3639d6a536170723c6f3f1506869f1ace413398",
                "sha256:a8c4922db71e4fdb90e0d0bc6e50f9b273d3397925e5e60a717e719201778d22"
            ],
            "markers": "python_version >= '3.6'",
            "version": "==0.8.2"
        },
        "pickleshare": {
            "hashes": [
                "sha256:87683d47965c1da65cdacaf31c8441d12b8044cdec9aca500cd78fc2c683afca",
                "sha256:9649af414d74d4df115d5d718f82acb59c9d418196b7b4290ed47a12ce62df56"
            ],
            "version": "==0.7.5"
        },
        "prompt-toolkit": {
            "hashes": [
                "sha256:08360ee3a3148bdb5163621709ee322ec34fc4375099afa4bbf751e9b7b7fa4f",
                "sha256:7089d8d2938043508aa9420ec18ce0922885304cddae87fb96eebca942299f88"
            ],
            "markers": "python_full_version >= '3.6.1'",
            "version": "==3.0.19"
        },
        "pygments": {
            "hashes": [
                "sha256:a18f47b506a429f6f4b9df81bb02beab9ca21d0a5fee38ed15aef65f0545519f",
                "sha256:d66e804411278594d764fc69ec36ec13d9ae9147193a1740cd34d272ca383b8e"
            ],
            "markers": "python_version >= '3.5'",
            "version": "==2.9.0"
        },
        "python-dateutil": {
            "hashes": [
                "sha256:0123cacc1627ae19ddf3c27a5de5bd67ee4586fbdd6440d9748f8abb483d3e86",
                "sha256:961d03dc3453ebbc59dbdea9e4e11c5651520a876d0f4db161e8674aae935da9"
            ],
            "markers": "python_version >= '2.7' and python_version not in '3.0, 3.1, 3.2, 3.3'",
            "version": "==2.8.2"
        },
        "pywin32": {
            "hashes": [
                "sha256:595d397df65f1b2e0beaca63a883ae6d8b6df1cdea85c16ae85f6d2e648133fe",
                "sha256:87604a4087434cd814ad8973bd47d6524bd1fa9e971ce428e76b62a5e0860fdf",
                "sha256:88981dd3cfb07432625b180f49bf4e179fb8cbb5704cd512e38dd63636af7a17",
                "sha256:8c9d33968aa7fcddf44e47750e18f3d034c3e443a707688a008a2e52bbef7e96",
                "sha256:93367c96e3a76dfe5003d8291ae16454ca7d84bb24d721e0b74a07610b7be4a7",
                "sha256:9635df6998a70282bd36e7ac2a5cef9ead1627b0a63b17c731312c7a0daebb72",
                "sha256:98f62a3f60aa64894a290fb7494bfa0bfa0a199e9e052e1ac293b2ad3cd2818b",
                "sha256:c866f04a182a8cb9b7855de065113bbd2e40524f570db73ef1ee99ff0a5cc2f0",
                "sha256:dafa18e95bf2a92f298fe9c582b0e205aca45c55f989937c52c454ce65b93c78",
                "sha256:fb3b4933e0382ba49305cc6cd3fb18525df7fd96aa434de19ce0878133bf8e4a"
            ],
            "markers": "sys_platform == 'win32'",
            "version": "==301"
        },
        "pyzmq": {
            "hashes": [
                "sha256:089b974ec04d663b8685ac90e86bfe0e4da9d911ff3cf52cb765ff22408b102d",
                "sha256:0ea7f4237991b0f745a4432c63e888450840bf8cb6c48b93fb7d62864f455529",
                "sha256:0f0f27eaab9ba7b92d73d71c51d1a04464a1da6097a252d007922103253d2313",
                "sha256:12ffcf33db6ba7c0e5aaf901e65517f5e2b719367b80bcbfad692f546a297c7a",
                "sha256:1389b615917d4196962a9b469e947ba862a8ec6f5094a47da5e7a8d404bc07a4",
                "sha256:18dd2ca4540c476558099891c129e6f94109971d110b549db2a9775c817cedbd",
                "sha256:24fb5bb641f0b2aa25fc3832f4b6fc62430f14a7d328229fe994b2bcdc07c93a",
                "sha256:285514956c08c7830da9d94e01f5414661a987831bd9f95e4d89cc8aaae8da10",
                "sha256:41049cff5265e9cd75606aa2c90a76b9c80b98d8fe70ee08cf4af3cedb113358",
                "sha256:461ed80d741692d9457ab820b1cc057ba9c37c394e67b647b639f623c8b321f6",
                "sha256:4b8fb1b3174b56fd020e4b10232b1764e52cf7f3babcfb460c5253bdc48adad0",
                "sha256:4c4fe69c7dc0d13d4ae180ad650bb900854367f3349d3c16f0569f6c6447f698",
                "sha256:4e9b9a2f6944acdaf57316436c1acdcb30b8df76726bcf570ad9342bc5001654",
                "sha256:6355f81947e1fe6e7bb9e123aeb3067264391d3ebe8402709f824ef8673fa6f3",
                "sha256:68be16107f41563b9f67d93dff1c9f5587e0f76aa8fd91dc04c83d813bcdab1f",
                "sha256:68e2c4505992ab5b89f976f89a9135742b18d60068f761bef994a6805f1cae0c",
                "sha256:7040d6dd85ea65703904d023d7f57fab793d7ffee9ba9e14f3b897f34ff2415d",
                "sha256:734ea6565c71fc2d03d5b8c7d0d7519c96bb5567e0396da1b563c24a4ac66f0c",
                "sha256:9ee48413a2d3cd867fd836737b4c89c24cea1150a37f4856d82d20293fa7519f",
                "sha256:a1c77796f395804d6002ff56a6a8168c1f98579896897ad7e35665a9b4a9eec5",
                "sha256:b2f707b52e09098a7770503e39294ca6e22ae5138ffa1dd36248b6436d23d78e",
                "sha256:bf80b2cec42d96117248b99d3c86e263a00469c840a778e6cb52d916f4fdf82c",
                "sha256:c4674004ed64685a38bee222cd75afa769424ec603f9329f0dd4777138337f48",
                "sha256:c6a81c9e6754465d09a87e3acd74d9bb1f0039b2d785c6899622f0afdb41d760",
                "sha256:c6d0c32532a0519997e1ded767e184ebb8543bdb351f8eff8570bd461e874efc",
                "sha256:c8fff75af4c7af92dce9f81fa2a83ed009c3e1f33ee8b5222db2ef80b94e242e",
                "sha256:cb9f9fe1305ef69b65794655fd89b2209b11bff3e837de981820a8aa051ef914",
                "sha256:d3ecfee2ee8d91ab2e08d2d8e89302c729b244e302bbc39c5b5dde42306ff003",
                "sha256:d5e5be93e1714a59a535bbbc086b9e4fd2448c7547c5288548f6fd86353cad9e",
                "sha256:de5806be66c9108e4dcdaced084e8ceae14100aa559e2d57b4f0cceb98c462de",
                "sha256:f49755684a963731479ff3035d45a8185545b4c9f662d368bd349c419839886d",
                "sha256:fc712a90401bcbf3fa25747f189d6dcfccbecc32712701cad25c6355589dac57"
            ],
            "markers": "python_version >= '3.6'",
            "version": "==22.1.0"
        },
        "six": {
            "hashes": [
                "sha256:1e61c37477a1626458e36f7b1d82aa5c9b094fa4802892072e49de9c60c4c926",
                "sha256:8abb2f1d86890a2dfb989f9a77cfcfd3e47c2a354b01111771326f8aa26e0254"
            ],
            "markers": "python_version >= '2.7' and python_version not in '3.0, 3.1, 3.2, 3.3'",
            "version": "==1.16.0"
        },
        "tornado": {
            "hashes": [
                "sha256:0a00ff4561e2929a2c37ce706cb8233b7907e0cdc22eab98888aca5dd3775feb",
                "sha256:0d321a39c36e5f2c4ff12b4ed58d41390460f798422c4504e09eb5678e09998c",
                "sha256:1e8225a1070cd8eec59a996c43229fe8f95689cb16e552d130b9793cb570a288",
                "sha256:20241b3cb4f425e971cb0a8e4ffc9b0a861530ae3c52f2b0434e6c1b57e9fd95",
                "sha256:25ad220258349a12ae87ede08a7b04aca51237721f63b1808d39bdb4b2164558",
                "sha256:33892118b165401f291070100d6d09359ca74addda679b60390b09f8ef325ffe",
                "sha256:33c6e81d7bd55b468d2e793517c909b139960b6c790a60b7991b9b6b76fb9791",
                "sha256:3447475585bae2e77ecb832fc0300c3695516a47d46cefa0528181a34c5b9d3d",
                "sha256:34ca2dac9e4d7afb0bed4677512e36a52f09caa6fded70b4e3e1c89dbd92c326",
                "sha256:3e63498f680547ed24d2c71e6497f24bca791aca2fe116dbc2bd0ac7f191691b",
                "sha256:548430be2740e327b3fe0201abe471f314741efcb0067ec4f2d7dcfb4825f3e4",
                "sha256:6196a5c39286cc37c024cd78834fb9345e464525d8991c21e908cc046d1cc02c",
                "sha256:61b32d06ae8a036a6607805e6720ef00a3c98207038444ba7fd3d169cd998910",
                "sha256:6286efab1ed6e74b7028327365cf7346b1d777d63ab30e21a0f4d5b275fc17d5",
                "sha256:65d98939f1a2e74b58839f8c4dab3b6b3c1ce84972ae712be02845e65391ac7c",
                "sha256:66324e4e1beede9ac79e60f88de548da58b1f8ab4b2f1354d8375774f997e6c0",
                "sha256:6c77c9937962577a6a76917845d06af6ab9197702a42e1346d8ae2e76b5e3675",
                "sha256:70dec29e8ac485dbf57481baee40781c63e381bebea080991893cd297742b8fd",
                "sha256:7250a3fa399f08ec9cb3f7b1b987955d17e044f1ade821b32e5f435130250d7f",
                "sha256:748290bf9112b581c525e6e6d3820621ff020ed95af6f17fedef416b27ed564c",
                "sha256:7da13da6f985aab7f6f28debab00c67ff9cbacd588e8477034c0652ac141feea",
                "sha256:8f959b26f2634a091bb42241c3ed8d3cedb506e7c27b8dd5c7b9f745318ddbb6",
                "sha256:9de9e5188a782be6b1ce866e8a51bc76a0fbaa0e16613823fc38e4fc2556ad05",
                "sha256:a48900ecea1cbb71b8c71c620dee15b62f85f7c14189bdeee54966fbd9a0c5bd",
                "sha256:b87936fd2c317b6ee08a5741ea06b9d11a6074ef4cc42e031bc6403f82a32575",
                "sha256:c77da1263aa361938476f04c4b6c8916001b90b2c2fdd92d8d535e1af48fba5a",
                "sha256:cb5ec8eead331e3bb4ce8066cf06d2dfef1bfb1b2a73082dfe8a161301b76e37",
                "sha256:cc0ee35043162abbf717b7df924597ade8e5395e7b66d18270116f8745ceb795",
                "sha256:d14d30e7f46a0476efb0deb5b61343b1526f73ebb5ed84f23dc794bdb88f9d9f",
                "sha256:d371e811d6b156d82aa5f9a4e08b58debf97c302a35714f6f45e35139c332e32",
                "sha256:d3d20ea5782ba63ed13bc2b8c291a053c8d807a8fa927d941bd718468f7b950c",
                "sha256:d3f7594930c423fd9f5d1a76bee85a2c36fd8b4b16921cae7e965f22575e9c01",
                "sha256:dcef026f608f678c118779cd6591c8af6e9b4155c44e0d1bc0c87c036fb8c8c4",
                "sha256:e0791ac58d91ac58f694d8d2957884df8e4e2f6687cdf367ef7eb7497f79eaa2",
                "sha256:e385b637ac3acaae8022e7e47dfa7b83d3620e432e3ecb9a3f7f58f150e50921",
                "sha256:e519d64089b0876c7b467274468709dadf11e41d65f63bba207e04217f47c085",
                "sha256:e7229e60ac41a1202444497ddde70a48d33909e484f96eb0da9baf8dc68541df",
                "sha256:ed3ad863b1b40cd1d4bd21e7498329ccaece75db5a5bf58cd3c9f130843e7102",
                "sha256:f0ba29bafd8e7e22920567ce0d232c26d4d47c8b5cf4ed7b562b5db39fa199c5",
                "sha256:fa2ba70284fa42c2a5ecb35e322e68823288a4251f9ba9cc77be04ae15eada68",
                "sha256:fba85b6cd9c39be262fcd23865652920832b61583de2a2ca907dbd8e8a8c81e5"
            ],
            "markers": "python_version >= '3.5'",
            "version": "==6.1"
        },
        "traitlets": {
            "hashes": [
                "sha256:178f4ce988f69189f7e523337a3e11d91c786ded9360174a3d9ca83e79bc5396",
                "sha256:69ff3f9d5351f31a7ad80443c2674b7099df13cc41fc5fa6e2f6d3b0330b0426"
            ],
            "markers": "python_version >= '3.7'",
            "version": "==5.0.5"
        },
        "wcwidth": {
            "hashes": [
                "sha256:beb4802a9cebb9144e99086eff703a642a13d6a0052920003a230f3294bbe784",
                "sha256:c4d647b99872929fdb7bdcaa4fbe7f01413ed3d98077df798530e5b04f116c83"
            ],
            "version": "==0.2.5"
        }
    }
}
